
Microsoft Visual Studio Solution File, Format Version 12.00
# Visual Studio Version 17
VisualStudioVersion = 17.13.35931.197
MinimumVisualStudioVersion = 10.0.40219.1
Project("{2150E333-8FDC-42A3-9474-1A3956D46DE8}") = "ApiGateways", "ApiGateways", "{02EA681E-C7D8-13C7-8484-4AC65E1B71E8}"
EndProject
Project("{2150E333-8FDC-42A3-9474-1A3956D46DE8}") = "Services", "Services", "{35450CC1-0B29-4425-B286-2E3F3E649EB2}"
EndProject
Project("{2150E333-8FDC-42A3-9474-1A3956D46DE8}") = "BuildingBlocks", "BuildingBlocks", "{6FC4279B-760B-4C90-AB55-D737839E9063}"
EndProject
Project("{FAE04EC0-301F-11D3-BF4B-00C04F79EFBC}") = "AgentPortalGateway.API", "AgentPortalGateway.API\AgentPortalGateway.API.csproj", "{37D060AC-115A-441F-83B2-8A6D71F3044F}"
EndProject
Project("{FAE04EC0-301F-11D3-BF4B-00C04F79EFBC}") = "AgentPortalGateway.Implementation", "AgentPortalGateway.Implementation\AgentPortalGateway.Implementation.csproj", "{71456D41-4E20-4E4B-A394-15061FC84ED0}"
EndProject
Project("{FAE04EC0-301F-11D3-BF4B-00C04F79EFBC}") = "AgentPortalGateway.Tests", "AgentPortalGateway.Tests\AgentPortalGateway.Tests.csproj", "{FE8C12E2-608D-4BEA-AB4D-73F55120409B}"
EndProject
Project("{2150E333-8FDC-42A3-9474-1A3956D46DE8}") = "Policy", "Policy", "{4007B597-8569-4457-98AF-0AE1F441EE57}"
EndProject
Project("{FAE04EC0-301F-11D3-BF4B-00C04F79EFBC}") = "Policy.API", "Policy.API\Policy.API.csproj", "{0A7B55C4-1D0B-424B-B6E1-60825AC07747}"
EndProject
Project("{FAE04EC0-301F-11D3-BF4B-00C04F79EFBC}") = "Policy.Implementation", "Policy.Implementation\Policy.Implementation.csproj", "{DD76F39D-063B-4F1D-B010-A7A338FAAF5B}"
EndProject
Project("{FAE04EC0-301F-11D3-BF4B-00C04F79EFBC}") = "Policy.Test", "Policy.Test\Policy.Test.csproj", "{49F5784E-5CD7-4E41-A519-0051F8BC9BBB}"
EndProject
Project("{2150E333-8FDC-42A3-9474-1A3956D46DE8}") = "Auth", "Auth", "{869EFB52-5AC4-4AAD-97AC-CAC686D69E23}"
EndProject
Project("{FAE04EC0-301F-11D3-BF4B-00C04F79EFBC}") = "Auth.API", "Auth.API\Auth.API.csproj", "{C3CCD0B8-855B-4A5D-BA99-1AD00C5265C3}"
EndProject
Project("{FAE04EC0-301F-11D3-BF4B-00C04F79EFBC}") = "Auth.Implementation", "Auth.Implementation\Auth.Implementation.csproj", "{CA82DA8A-40D6-4F73-9133-08D2364E650D}"
EndProject
Project("{FAE04EC0-301F-11D3-BF4B-00C04F79EFBC}") = "Auth.Test", "Auth.Test\Auth.Test.csproj", "{29C844F4-37D3-4301-9FE0-7105574056EE}"
EndProject
Project("{2150E333-8FDC-42A3-9474-1A3956D46DE8}") = "Chat", "Chat", "{515679D6-4199-4A6B-A83D-2F753DBAA10D}"
EndProject
Project("{FAE04EC0-301F-11D3-BF4B-00C04F79EFBC}") = "Chat.API", "Chat.API\Chat.API.csproj", "{6EB533FC-F874-488A-8A73-707726DF5CBC}"
EndProject
Project("{FAE04EC0-301F-11D3-BF4B-00C04F79EFBC}") = "Chat.Implementation", "Chat.Implementation\Chat.Implementation.csproj", "{D4E88C86-D7DB-4EE0-9652-B2D851640332}"
EndProject
Project("{FAE04EC0-301F-11D3-BF4B-00C04F79EFBC}") = "Chat.Test", "Chat.Test\Chat.Test.csproj", "{DC03E0E3-6316-42E8-9A7E-AD4CCFA166B4}"
EndProject
Project("{2150E333-8FDC-42A3-9474-1A3956D46DE8}") = "Product", "Product", "{1574C8DC-5118-4DDD-AC1D-F98FA0851A5B}"
EndProject
Project("{FAE04EC0-301F-11D3-BF4B-00C04F79EFBC}") = "Product.API", "Product.API\Product.API.csproj", "{61579E14-D3D1-4A4A-8586-A1B0B8B1121C}"
EndProject
Project("{FAE04EC0-301F-11D3-BF4B-00C04F79EFBC}") = "Product.Implementation", "Product.Implementation\Product.Implementation.csproj", "{23ECF35F-45AF-4E59-B1A7-59D120E2C942}"
EndProject
Project("{FAE04EC0-301F-11D3-BF4B-00C04F79EFBC}") = "Product.Test", "Product.Test\Product.Test.csproj", "{3A44C1A9-EF78-402F-A4B3-67D848786D43}"
EndProject
Project("{2150E333-8FDC-42A3-9474-1A3956D46DE8}") = "Pricing", "Pricing", "{EB925CF5-FE28-4648-AB12-9991994C2EC5}"
EndProject
Project("{FAE04EC0-301F-11D3-BF4B-00C04F79EFBC}") = "Pricing.API", "Pricing.API\Pricing.API.csproj", "{892E107A-14F1-4C17-ABED-CFE945EA20D0}"
EndProject
Project("{FAE04EC0-301F-11D3-BF4B-00C04F79EFBC}") = "Pricing.Implementation", "Pricing.Implementation\Pricing.Implementation.csproj", "{CCF341AA-FE61-4FD5-A182-7EC44D889EF6}"
EndProject
Project("{FAE04EC0-301F-11D3-BF4B-00C04F79EFBC}") = "Pricing.Test", "Pricing.Test\Pricing.Test.csproj", "{805188A1-F9DB-4F09-BFBD-E3F35FF61653}"
EndProject
Project("{2150E333-8FDC-42A3-9474-1A3956D46DE8}") = "PolicySearch", "PolicySearch", "{D1806717-193C-491B-82C0-0710C171C8DC}"
EndProject
Project("{FAE04EC0-301F-11D3-BF4B-00C04F79EFBC}") = "PolicySearch.API", "PolicySearch.API\PolicySearch.API.csproj", "{F057B873-3E85-4C8C-BFB8-B8A44A77B0CD}"
EndProject
Project("{FAE04EC0-301F-11D3-BF4B-00C04F79EFBC}") = "PolicySearch.Implementation", "PolicySearch.Implementation\PolicySearch.Implementation.csproj", "{A90B355E-7D9B-4175-A213-62AF1EF7A1EB}"
EndProject
Project("{FAE04EC0-301F-11D3-BF4B-00C04F79EFBC}") = "PolicySearch.Test", "PolicySearch.Test\PolicySearch.Test.csproj", "{75327CFB-54B8-40BA-BF69-B86554380F6D}"
EndProject
Project("{2150E333-8FDC-42A3-9474-1A3956D46DE8}") = "Payment", "Payment", "{701E0B42-B7AC-4BAE-A920-CD4377AB3382}"
EndProject
Project("{FAE04EC0-301F-11D3-BF4B-00C04F79EFBC}") = "Payment.API", "Payment.API\Payment.API.csproj", "{405CA534-5164-4C78-B25C-EFD34742F01C}"
EndProject
Project("{FAE04EC0-301F-11D3-BF4B-00C04F79EFBC}") = "Payment.Implementation", "Payment.Implementation\Payment.Implementation.csproj", "{EBD69257-C557-4EDC-9B2D-1BFF9EA2B137}"
EndProject
Project("{FAE04EC0-301F-11D3-BF4B-00C04F79EFBC}") = "Payment.Test", "Payment.Test\Payment.Test.csproj", "{4964BE38-C927-40AB-9D8F-F116087B83C9}"
EndProject
Project("{2150E333-8FDC-42A3-9474-1A3956D46DE8}") = "Document", "Document", "{1CDFDBE0-DB74-4866-A987-64EA3F4028DA}"
EndProject
Project("{FAE04EC0-301F-11D3-BF4B-00C04F79EFBC}") = "Document.API", "Document.API\Document.API.csproj", "{B14540B3-70B2-4485-BB16-0A8AF29F2408}"
EndProject
Project("{FAE04EC0-301F-11D3-BF4B-00C04F79EFBC}") = "Document.Implementation", "Document.Implementation\Document.Implementation.csproj", "{0F19A3D7-DBDE-428B-B625-B7F20918732D}"
EndProject
Project("{FAE04EC0-301F-11D3-BF4B-00C04F79EFBC}") = "Document.Test", "Document.Test\Document.Test.csproj", "{6FC2801F-DB20-4301-83D7-B325324151A4}"
EndProject
Project("{FAE04EC0-301F-11D3-BF4B-00C04F79EFBC}") = "EventBus", "EventBus\EventBus.csproj", "{2A68D09C-07B4-492B-A609-CC538B0C1321}"
EndProject
Project("{FAE04EC0-301F-11D3-BF4B-00C04F79EFBC}") = "SharedKernel", "SharedKernel\SharedKernel.csproj", "{E0671524-4AF4-44BC-B5F4-46FE18D3B071}"
EndProject
Project("{FAE04EC0-301F-11D3-BF4B-00C04F79EFBC}") = "Common", "Common\Common.csproj", "{C4DD3C10-6FA8-4F61-B281-78536BCAC53E}"
EndProject
Project("{E24C65DC-7377-472B-9ABA-BC803B73C61A}") = "eureka-server", "eureka-server\", "{E97AA169-5906-9560-1805-7FE7597C83BB}"
	ProjectSection(WebsiteProperties) = preProject
		TargetFrameworkMoniker = ".NETFramework,Version%3Dv4.8"
		Debug.AspNetCompiler.VirtualPath = "/localhost_56594"
		Debug.AspNetCompiler.PhysicalPath = "eureka-server\"
		Debug.AspNetCompiler.TargetPath = "PrecompiledWeb\localhost_56594\"
		Debug.AspNetCompiler.Updateable = "true"
		Debug.AspNetCompiler.ForceOverwrite = "true"
		Debug.AspNetCompiler.FixedNames = "false"
		Debug.AspNetCompiler.Debug = "True"
		Release.AspNetCompiler.VirtualPath = "/localhost_56594"
		Release.AspNetCompiler.PhysicalPath = "eureka-server\"
		Release.AspNetCompiler.TargetPath = "PrecompiledWeb\localhost_56594\"
		Release.AspNetCompiler.Updateable = "true"
		Release.AspNetCompiler.ForceOverwrite = "true"
		Release.AspNetCompiler.FixedNames = "false"
		Release.AspNetCompiler.Debug = "False"
		VWDPort = "56594"
	EndProjectSection
EndProject
Project("{E24C65DC-7377-472B-9ABA-BC803B73C61A}") = "scripts", "scripts\", "{19CD0B31-CDBA-7499-6B78-B3699FA91985}"
	ProjectSection(WebsiteProperties) = preProject
		TargetFrameworkMoniker = ".NETFramework,Version%3Dv4.8"
		Debug.AspNetCompiler.VirtualPath = "/localhost_57484"
		Debug.AspNetCompiler.PhysicalPath = "scripts\"
		Debug.AspNetCompiler.TargetPath = "PrecompiledWeb\localhost_57484\"
		Debug.AspNetCompiler.Updateable = "true"
		Debug.AspNetCompiler.ForceOverwrite = "true"
		Debug.AspNetCompiler.FixedNames = "false"
		Debug.AspNetCompiler.Debug = "True"
		Release.AspNetCompiler.VirtualPath = "/localhost_57484"
		Release.AspNetCompiler.PhysicalPath = "scripts\"
		Release.AspNetCompiler.TargetPath = "PrecompiledWeb\localhost_57484\"
		Release.AspNetCompiler.Updateable = "true"
		Release.AspNetCompiler.ForceOverwrite = "true"
		Release.AspNetCompiler.FixedNames = "false"
		Release.AspNetCompiler.Debug = "False"
		VWDPort = "57484"
	EndProjectSection
EndProject
Project("{E24C65DC-7377-472B-9ABA-BC803B73C61A}") = "Web", "Web\", "{A9807B56-ABAE-FC54-E455-F6F1CAEFB532}"
	ProjectSection(WebsiteProperties) = preProject
		TargetFrameworkMoniker = ".NETFramework,Version%3Dv4.8"
		Debug.AspNetCompiler.VirtualPath = "/localhost_57493"
		Debug.AspNetCompiler.PhysicalPath = "Web\"
		Debug.AspNetCompiler.TargetPath = "PrecompiledWeb\localhost_57493\"
		Debug.AspNetCompiler.Updateable = "true"
		Debug.AspNetCompiler.ForceOverwrite = "true"
		Debug.AspNetCompiler.FixedNames = "false"
		Debug.AspNetCompiler.Debug = "True"
		Release.AspNetCompiler.VirtualPath = "/localhost_57493"
		Release.AspNetCompiler.PhysicalPath = "Web\"
		Release.AspNetCompiler.TargetPath = "PrecompiledWeb\localhost_57493\"
		Release.AspNetCompiler.Updateable = "true"
		Release.AspNetCompiler.ForceOverwrite = "true"
		Release.AspNetCompiler.FixedNames = "false"
		Release.AspNetCompiler.Debug = "False"
		VWDPort = "57493"
	EndProjectSection
EndProject
Project("{E24C65DC-7377-472B-9ABA-BC803B73C61A}") = "BlazorWasmClient", "BlazorWasmClient\", "{2B011F0C-E5C6-8818-7E84-0A5769675BC1}"
	ProjectSection(WebsiteProperties) = preProject
		TargetFrameworkMoniker = ".NETFramework,Version%3Dv4.8"
		Debug.AspNetCompiler.VirtualPath = "/localhost_57511"
		Debug.AspNetCompiler.PhysicalPath = "BlazorWasmClient\"
		Debug.AspNetCompiler.TargetPath = "PrecompiledWeb\localhost_57511\"
		Debug.AspNetCompiler.Updateable = "true"
		Debug.AspNetCompiler.ForceOverwrite = "true"
		Debug.AspNetCompiler.FixedNames = "false"
		Debug.AspNetCompiler.Debug = "True"
		Release.AspNetCompiler.VirtualPath = "/localhost_57511"
		Release.AspNetCompiler.PhysicalPath = "BlazorWasmClient\"
		Release.AspNetCompiler.TargetPath = "PrecompiledWeb\localhost_57511\"
		Release.AspNetCompiler.Updateable = "true"
		Release.AspNetCompiler.ForceOverwrite = "true"
		Release.AspNetCompiler.FixedNames = "false"
		Release.AspNetCompiler.Debug = "False"
		VWDPort = "57511"
	EndProjectSection
EndProject
Project("{FAE04EC0-301F-11D3-BF4B-00C04F79EFBC}") = "AgentPortalApiGateway", "AgentPortalApiGateway\AgentPortalApiGateway.csproj", "{8BDED974-C717-428C-D7B1-F1A2AF4831F1}"
EndProject
Project("{2150E333-8FDC-42A3-9474-1A3956D46DE8}") = "postgres", "postgres", "{EB25191F-EBB9-47C2-912A-57E1B85FDC0E}"
	ProjectSection(SolutionItems) = preProject
		postgres\Dockerfile = postgres\Dockerfile
		postgres\Web.config = postgres\Web.config
	EndProjectSection
EndProject
Project("{2150E333-8FDC-42A3-9474-1A3956D46DE8}") = "PricingService", "PricingService", "{21428C02-460B-4CA8-9D1F-5C022014454C}"
EndProject
Project("{FAE04EC0-301F-11D3-BF4B-00C04F79EFBC}") = "PricingService", "PricingService\PricingService.csproj", "{12E328EC-7DE6-DEF2-A111-1BC5A703BC1F}"
EndProject
Project("{FAE04EC0-301F-11D3-BF4B-00C04F79EFBC}") = "PricingService.Api", "PricingService.Api\PricingService.Api.csproj", "{E1BF8FC1-D2FB-B7F7-A0A4-F26308A5148F}"
EndProject
Project("{FAE04EC0-301F-11D3-BF4B-00C04F79EFBC}") = "PricingService.IntegrationTest", "PricingService.IntegrationTest\PricingService.IntegrationTest.csproj", "{54BADB52-6CD6-94C6-B6FA-E0A7D539B9EF}"
EndProject
Project("{FAE04EC0-301F-11D3-BF4B-00C04F79EFBC}") = "PricingService.Test", "PricingService.Test\PricingService.Test.csproj", "{25FFA9DB-EDB2-AF0D-08AD-F27526313D17}"
EndProject
Project("{2150E333-8FDC-42A3-9474-1A3956D46DE8}") = "PolicyService", "PolicyService", "{1356C14D-7709-4804-9193-729858CB16AD}"
EndProject
Project("{FAE04EC0-301F-11D3-BF4B-00C04F79EFBC}") = "PolicyService", "PolicyService\PolicyService.csproj", "{0376ABBC-B0CA-D498-83E2-33A2F4F6182A}"
EndProject
Project("{FAE04EC0-301F-11D3-BF4B-00C04F79EFBC}") = "PolicyService.Api", "PolicyService.Api\PolicyService.Api.csproj", "{F2359B45-5A76-DAC1-CE22-F700277D1BBA}"
EndProject
Project("{FAE04EC0-301F-11D3-BF4B-00C04F79EFBC}") = "PolicyService.Test", "PolicyService.Test\PolicyService.Test.csproj", "{165F78C5-A3D7-B031-BEF7-FA054423AEA6}"
EndProject
Project("{2150E333-8FDC-42A3-9474-1A3956D46DE8}") = "PolicySearchService", "PolicySearchService", "{7C1DA1F9-3633-436C-B5BA-1DF589AA1676}"
EndProject
Project("{FAE04EC0-301F-11D3-BF4B-00C04F79EFBC}") = "PolicySearchService", "PolicySearchService\PolicySearchService.csproj", "{B3E6729F-40CD-2D44-A57D-0F5C044B2607}"
EndProject
Project("{FAE04EC0-301F-11D3-BF4B-00C04F79EFBC}") = "PolicySearchService.Api", "PolicySearchService.Api\PolicySearchService.Api.csproj", "{2C670D3A-0567-C4FA-0C25-33C5B1E3DD09}"
EndProject
Global
	GlobalSection(SolutionConfigurationPlatforms) = preSolution
		Debug|Any CPU = Debug|Any CPU
		Release|Any CPU = Release|Any CPU
	EndGlobalSection
	GlobalSection(ProjectConfigurationPlatforms) = postSolution
		{37D060AC-115A-441F-83B2-8A6D71F3044F}.Debug|Any CPU.ActiveCfg = Debug|Any CPU
		{37D060AC-115A-441F-83B2-8A6D71F3044F}.Debug|Any CPU.Build.0 = Debug|Any CPU
		{37D060AC-115A-441F-83B2-8A6D71F3044F}.Release|Any CPU.ActiveCfg = Release|Any CPU
		{37D060AC-115A-441F-83B2-8A6D71F3044F}.Release|Any CPU.Build.0 = Release|Any CPU
		{71456D41-4E20-4E4B-A394-15061FC84ED0}.Debug|Any CPU.ActiveCfg = Debug|Any CPU
		{71456D41-4E20-4E4B-A394-15061FC84ED0}.Debug|Any CPU.Build.0 = Debug|Any CPU
		{71456D41-4E20-4E4B-A394-15061FC84ED0}.Release|Any CPU.ActiveCfg = Release|Any CPU
		{71456D41-4E20-4E4B-A394-15061FC84ED0}.Release|Any CPU.Build.0 = Release|Any CPU
		{FE8C12E2-608D-4BEA-AB4D-73F55120409B}.Debug|Any CPU.ActiveCfg = Debug|Any CPU
		{FE8C12E2-608D-4BEA-AB4D-73F55120409B}.Debug|Any CPU.Build.0 = Debug|Any CPU
		{FE8C12E2-608D-4BEA-AB4D-73F55120409B}.Release|Any CPU.ActiveCfg = Release|Any CPU
		{FE8C12E2-608D-4BEA-AB4D-73F55120409B}.Release|Any CPU.Build.0 = Release|Any CPU
		{0A7B55C4-1D0B-424B-B6E1-60825AC07747}.Debug|Any CPU.ActiveCfg = Debug|Any CPU
		{0A7B55C4-1D0B-424B-B6E1-60825AC07747}.Debug|Any CPU.Build.0 = Debug|Any CPU
		{0A7B55C4-1D0B-424B-B6E1-60825AC07747}.Release|Any CPU.ActiveCfg = Release|Any CPU
		{0A7B55C4-1D0B-424B-B6E1-60825AC07747}.Release|Any CPU.Build.0 = Release|Any CPU
		{DD76F39D-063B-4F1D-B010-A7A338FAAF5B}.Debug|Any CPU.ActiveCfg = Debug|Any CPU
		{DD76F39D-063B-4F1D-B010-A7A338FAAF5B}.Debug|Any CPU.Build.0 = Debug|Any CPU
		{DD76F39D-063B-4F1D-B010-A7A338FAAF5B}.Release|Any CPU.ActiveCfg = Release|Any CPU
		{DD76F39D-063B-4F1D-B010-A7A338FAAF5B}.Release|Any CPU.Build.0 = Release|Any CPU
		{49F5784E-5CD7-4E41-A519-0051F8BC9BBB}.Debug|Any CPU.ActiveCfg = Debug|Any CPU
		{49F5784E-5CD7-4E41-A519-0051F8BC9BBB}.Debug|Any CPU.Build.0 = Debug|Any CPU
		{49F5784E-5CD7-4E41-A519-0051F8BC9BBB}.Release|Any CPU.ActiveCfg = Release|Any CPU
		{49F5784E-5CD7-4E41-A519-0051F8BC9BBB}.Release|Any CPU.Build.0 = Release|Any CPU
		{C3CCD0B8-855B-4A5D-BA99-1AD00C5265C3}.Debug|Any CPU.ActiveCfg = Debug|Any CPU
		{C3CCD0B8-855B-4A5D-BA99-1AD00C5265C3}.Debug|Any CPU.Build.0 = Debug|Any CPU
		{C3CCD0B8-855B-4A5D-BA99-1AD00C5265C3}.Release|Any CPU.ActiveCfg = Release|Any CPU
		{C3CCD0B8-855B-4A5D-BA99-1AD00C5265C3}.Release|Any CPU.Build.0 = Release|Any CPU
		{CA82DA8A-40D6-4F73-9133-08D2364E650D}.Debug|Any CPU.ActiveCfg = Debug|Any CPU
		{CA82DA8A-40D6-4F73-9133-08D2364E650D}.Debug|Any CPU.Build.0 = Debug|Any CPU
		{CA82DA8A-40D6-4F73-9133-08D2364E650D}.Release|Any CPU.ActiveCfg = Release|Any CPU
		{CA82DA8A-40D6-4F73-9133-08D2364E650D}.Release|Any CPU.Build.0 = Release|Any CPU
		{29C844F4-37D3-4301-9FE0-7105574056EE}.Debug|Any CPU.ActiveCfg = Debug|Any CPU
		{29C844F4-37D3-4301-9FE0-7105574056EE}.Debug|Any CPU.Build.0 = Debug|Any CPU
		{29C844F4-37D3-4301-9FE0-7105574056EE}.Release|Any CPU.ActiveCfg = Release|Any CPU
		{29C844F4-37D3-4301-9FE0-7105574056EE}.Release|Any CPU.Build.0 = Release|Any CPU
		{6EB533FC-F874-488A-8A73-707726DF5CBC}.Debug|Any CPU.ActiveCfg = Debug|Any CPU
		{6EB533FC-F874-488A-8A73-707726DF5CBC}.Debug|Any CPU.Build.0 = Debug|Any CPU
		{6EB533FC-F874-488A-8A73-707726DF5CBC}.Release|Any CPU.ActiveCfg = Release|Any CPU
		{6EB533FC-F874-488A-8A73-707726DF5CBC}.Release|Any CPU.Build.0 = Release|Any CPU
		{D4E88C86-D7DB-4EE0-9652-B2D851640332}.Debug|Any CPU.ActiveCfg = Debug|Any CPU
		{D4E88C86-D7DB-4EE0-9652-B2D851640332}.Debug|Any CPU.Build.0 = Debug|Any CPU
		{D4E88C86-D7DB-4EE0-9652-B2D851640332}.Release|Any CPU.ActiveCfg = Release|Any CPU
		{D4E88C86-D7DB-4EE0-9652-B2D851640332}.Release|Any CPU.Build.0 = Release|Any CPU
		{DC03E0E3-6316-42E8-9A7E-AD4CCFA166B4}.Debug|Any CPU.ActiveCfg = Debug|Any CPU
		{DC03E0E3-6316-42E8-9A7E-AD4CCFA166B4}.Debug|Any CPU.Build.0 = Debug|Any CPU
		{DC03E0E3-6316-42E8-9A7E-AD4CCFA166B4}.Release|Any CPU.ActiveCfg = Release|Any CPU
		{DC03E0E3-6316-42E8-9A7E-AD4CCFA166B4}.Release|Any CPU.Build.0 = Release|Any CPU
		{61579E14-D3D1-4A4A-8586-A1B0B8B1121C}.Debug|Any CPU.ActiveCfg = Debug|Any CPU
		{61579E14-D3D1-4A4A-8586-A1B0B8B1121C}.Debug|Any CPU.Build.0 = Debug|Any CPU
		{61579E14-D3D1-4A4A-8586-A1B0B8B1121C}.Release|Any CPU.ActiveCfg = Release|Any CPU
		{61579E14-D3D1-4A4A-8586-A1B0B8B1121C}.Release|Any CPU.Build.0 = Release|Any CPU
		{23ECF35F-45AF-4E59-B1A7-59D120E2C942}.Debug|Any CPU.ActiveCfg = Debug|Any CPU
		{23ECF35F-45AF-4E59-B1A7-59D120E2C942}.Debug|Any CPU.Build.0 = Debug|Any CPU
		{23ECF35F-45AF-4E59-B1A7-59D120E2C942}.Release|Any CPU.ActiveCfg = Release|Any CPU
		{23ECF35F-45AF-4E59-B1A7-59D120E2C942}.Release|Any CPU.Build.0 = Release|Any CPU
		{3A44C1A9-EF78-402F-A4B3-67D848786D43}.Debug|Any CPU.ActiveCfg = Debug|Any CPU
		{3A44C1A9-EF78-402F-A4B3-67D848786D43}.Debug|Any CPU.Build.0 = Debug|Any CPU
		{3A44C1A9-EF78-402F-A4B3-67D848786D43}.Release|Any CPU.ActiveCfg = Release|Any CPU
		{3A44C1A9-EF78-402F-A4B3-67D848786D43}.Release|Any CPU.Build.0 = Release|Any CPU
		{892E107A-14F1-4C17-ABED-CFE945EA20D0}.Debug|Any CPU.ActiveCfg = Debug|Any CPU
		{892E107A-14F1-4C17-ABED-CFE945EA20D0}.Debug|Any CPU.Build.0 = Debug|Any CPU
		{892E107A-14F1-4C17-ABED-CFE945EA20D0}.Release|Any CPU.ActiveCfg = Release|Any CPU
		{892E107A-14F1-4C17-ABED-CFE945EA20D0}.Release|Any CPU.Build.0 = Release|Any CPU
		{CCF341AA-FE61-4FD5-A182-7EC44D889EF6}.Debug|Any CPU.ActiveCfg = Debug|Any CPU
		{CCF341AA-FE61-4FD5-A182-7EC44D889EF6}.Debug|Any CPU.Build.0 = Debug|Any CPU
		{CCF341AA-FE61-4FD5-A182-7EC44D889EF6}.Release|Any CPU.ActiveCfg = Release|Any CPU
		{CCF341AA-FE61-4FD5-A182-7EC44D889EF6}.Release|Any CPU.Build.0 = Release|Any CPU
		{805188A1-F9DB-4F09-BFBD-E3F35FF61653}.Debug|Any CPU.ActiveCfg = Debug|Any CPU
		{805188A1-F9DB-4F09-BFBD-E3F35FF61653}.Debug|Any CPU.Build.0 = Debug|Any CPU
		{805188A1-F9DB-4F09-BFBD-E3F35FF61653}.Release|Any CPU.ActiveCfg = Release|Any CPU
		{805188A1-F9DB-4F09-BFBD-E3F35FF61653}.Release|Any CPU.Build.0 = Release|Any CPU
		{F057B873-3E85-4C8C-BFB8-B8A44A77B0CD}.Debug|Any CPU.ActiveCfg = Debug|Any CPU
		{F057B873-3E85-4C8C-BFB8-B8A44A77B0CD}.Debug|Any CPU.Build.0 = Debug|Any CPU
		{F057B873-3E85-4C8C-BFB8-B8A44A77B0CD}.Release|Any CPU.ActiveCfg = Release|Any CPU
		{F057B873-3E85-4C8C-BFB8-B8A44A77B0CD}.Release|Any CPU.Build.0 = Release|Any CPU
		{A90B355E-7D9B-4175-A213-62AF1EF7A1EB}.Debug|Any CPU.ActiveCfg = Debug|Any CPU
		{A90B355E-7D9B-4175-A213-62AF1EF7A1EB}.Debug|Any CPU.Build.0 = Debug|Any CPU
		{A90B355E-7D9B-4175-A213-62AF1EF7A1EB}.Release|Any CPU.ActiveCfg = Release|Any CPU
		{A90B355E-7D9B-4175-A213-62AF1EF7A1EB}.Release|Any CPU.Build.0 = Release|Any CPU
		{75327CFB-54B8-40BA-BF69-B86554380F6D}.Debug|Any CPU.ActiveCfg = Debug|Any CPU
		{75327CFB-54B8-40BA-BF69-B86554380F6D}.Debug|Any CPU.Build.0 = Debug|Any CPU
		{75327CFB-54B8-40BA-BF69-B86554380F6D}.Release|Any CPU.ActiveCfg = Release|Any CPU
		{75327CFB-54B8-40BA-BF69-B86554380F6D}.Release|Any CPU.Build.0 = Release|Any CPU
		{405CA534-5164-4C78-B25C-EFD34742F01C}.Debug|Any CPU.ActiveCfg = Debug|Any CPU
		{405CA534-5164-4C78-B25C-EFD34742F01C}.Debug|Any CPU.Build.0 = Debug|Any CPU
		{405CA534-5164-4C78-B25C-EFD34742F01C}.Release|Any CPU.ActiveCfg = Release|Any CPU
		{405CA534-5164-4C78-B25C-EFD34742F01C}.Release|Any CPU.Build.0 = Release|Any CPU
		{EBD69257-C557-4EDC-9B2D-1BFF9EA2B137}.Debug|Any CPU.ActiveCfg = Debug|Any CPU
		{EBD69257-C557-4EDC-9B2D-1BFF9EA2B137}.Debug|Any CPU.Build.0 = Debug|Any CPU
		{EBD69257-C557-4EDC-9B2D-1BFF9EA2B137}.Release|Any CPU.ActiveCfg = Release|Any CPU
		{EBD69257-C557-4EDC-9B2D-1BFF9EA2B137}.Release|Any CPU.Build.0 = Release|Any CPU
		{4964BE38-C927-40AB-9D8F-F116087B83C9}.Debug|Any CPU.ActiveCfg = Debug|Any CPU
		{4964BE38-C927-40AB-9D8F-F116087B83C9}.Debug|Any CPU.Build.0 = Debug|Any CPU
		{4964BE38-C927-40AB-9D8F-F116087B83C9}.Release|Any CPU.ActiveCfg = Release|Any CPU
		{4964BE38-C927-40AB-9D8F-F116087B83C9}.Release|Any CPU.Build.0 = Release|Any CPU
		{B14540B3-70B2-4485-BB16-0A8AF29F2408}.Debug|Any CPU.ActiveCfg = Debug|Any CPU
		{B14540B3-70B2-4485-BB16-0A8AF29F2408}.Debug|Any CPU.Build.0 = Debug|Any CPU
		{B14540B3-70B2-4485-BB16-0A8AF29F2408}.Release|Any CPU.ActiveCfg = Release|Any CPU
		{B14540B3-70B2-4485-BB16-0A8AF29F2408}.Release|Any CPU.Build.0 = Release|Any CPU
		{0F19A3D7-DBDE-428B-B625-B7F20918732D}.Debug|Any CPU.ActiveCfg = Debug|Any CPU
		{0F19A3D7-DBDE-428B-B625-B7F20918732D}.Debug|Any CPU.Build.0 = Debug|Any CPU
		{0F19A3D7-DBDE-428B-B625-B7F20918732D}.Release|Any CPU.ActiveCfg = Release|Any CPU
		{0F19A3D7-DBDE-428B-B625-B7F20918732D}.Release|Any CPU.Build.0 = Release|Any CPU
		{6FC2801F-DB20-4301-83D7-B325324151A4}.Debug|Any CPU.ActiveCfg = Debug|Any CPU
		{6FC2801F-DB20-4301-83D7-B325324151A4}.Debug|Any CPU.Build.0 = Debug|Any CPU
		{6FC2801F-DB20-4301-83D7-B325324151A4}.Release|Any CPU.ActiveCfg = Release|Any CPU
		{6FC2801F-DB20-4301-83D7-B325324151A4}.Release|Any CPU.Build.0 = Release|Any CPU
		{2A68D09C-07B4-492B-A609-CC538B0C1321}.Debug|Any CPU.ActiveCfg = Debug|Any CPU
		{2A68D09C-07B4-492B-A609-CC538B0C1321}.Debug|Any CPU.Build.0 = Debug|Any CPU
		{2A68D09C-07B4-492B-A609-CC538B0C1321}.Release|Any CPU.ActiveCfg = Release|Any CPU
		{2A68D09C-07B4-492B-A609-CC538B0C1321}.Release|Any CPU.Build.0 = Release|Any CPU
		{E0671524-4AF4-44BC-B5F4-46FE18D3B071}.Debug|Any CPU.ActiveCfg = Debug|Any CPU
		{E0671524-4AF4-44BC-B5F4-46FE18D3B071}.Debug|Any CPU.Build.0 = Debug|Any CPU
		{E0671524-4AF4-44BC-B5F4-46FE18D3B071}.Release|Any CPU.ActiveCfg = Release|Any CPU
		{E0671524-4AF4-44BC-B5F4-46FE18D3B071}.Release|Any CPU.Build.0 = Release|Any CPU
		{C4DD3C10-6FA8-4F61-B281-78536BCAC53E}.Debug|Any CPU.ActiveCfg = Debug|Any CPU
		{C4DD3C10-6FA8-4F61-B281-78536BCAC53E}.Debug|Any CPU.Build.0 = Debug|Any CPU
		{C4DD3C10-6FA8-4F61-B281-78536BCAC53E}.Release|Any CPU.ActiveCfg = Release|Any CPU
		{C4DD3C10-6FA8-4F61-B281-78536BCAC53E}.Release|Any CPU.Build.0 = Release|Any CPU
		{E97AA169-5906-9560-1805-7FE7597C83BB}.Debug|Any CPU.ActiveCfg = Debug|Any CPU
		{E97AA169-5906-9560-1805-7FE7597C83BB}.Debug|Any CPU.Build.0 = Debug|Any CPU
		{E97AA169-5906-9560-1805-7FE7597C83BB}.Release|Any CPU.ActiveCfg = Debug|Any CPU
		{E97AA169-5906-9560-1805-7FE7597C83BB}.Release|Any CPU.Build.0 = Debug|Any CPU
		{19CD0B31-CDBA-7499-6B78-B3699FA91985}.Debug|Any CPU.ActiveCfg = Debug|Any CPU
		{19CD0B31-CDBA-7499-6B78-B3699FA91985}.Debug|Any CPU.Build.0 = Debug|Any CPU
		{19CD0B31-CDBA-7499-6B78-B3699FA91985}.Release|Any CPU.ActiveCfg = Debug|Any CPU
		{19CD0B31-CDBA-7499-6B78-B3699FA91985}.Release|Any CPU.Build.0 = Debug|Any CPU
		{A9807B56-ABAE-FC54-E455-F6F1CAEFB532}.Debug|Any CPU.ActiveCfg = Debug|Any CPU
		{A9807B56-ABAE-FC54-E455-F6F1CAEFB532}.Debug|Any CPU.Build.0 = Debug|Any CPU
		{A9807B56-ABAE-FC54-E455-F6F1CAEFB532}.Release|Any CPU.ActiveCfg = Debug|Any CPU
		{A9807B56-ABAE-FC54-E455-F6F1CAEFB532}.Release|Any CPU.Build.0 = Debug|Any CPU
		{2B011F0C-E5C6-8818-7E84-0A5769675BC1}.Debug|Any CPU.ActiveCfg = Debug|Any CPU
		{2B011F0C-E5C6-8818-7E84-0A5769675BC1}.Debug|Any CPU.Build.0 = Debug|Any CPU
		{2B011F0C-E5C6-8818-7E84-0A5769675BC1}.Release|Any CPU.ActiveCfg = Debug|Any CPU
		{2B011F0C-E5C6-8818-7E84-0A5769675BC1}.Release|Any CPU.Build.0 = Debug|Any CPU
		{8BDED974-C717-428C-D7B1-F1A2AF4831F1}.Debug|Any CPU.ActiveCfg = Debug|Any CPU
		{8BDED974-C717-428C-D7B1-F1A2AF4831F1}.Debug|Any CPU.Build.0 = Debug|Any CPU
		{8BDED974-C717-428C-D7B1-F1A2AF4831F1}.Release|Any CPU.ActiveCfg = Release|Any CPU
		{8BDED974-C717-428C-D7B1-F1A2AF4831F1}.Release|Any CPU.Build.0 = Release|Any CPU
		{12E328EC-7DE6-DEF2-A111-1BC5A703BC1F}.Debug|Any CPU.ActiveCfg = Debug|Any CPU
		{12E328EC-7DE6-DEF2-A111-1BC5A703BC1F}.Debug|Any CPU.Build.0 = Debug|Any CPU
		{12E328EC-7DE6-DEF2-A111-1BC5A703BC1F}.Release|Any CPU.ActiveCfg = Release|Any CPU
		{12E328EC-7DE6-DEF2-A111-1BC5A703BC1F}.Release|Any CPU.Build.0 = Release|Any CPU
		{E1BF8FC1-D2FB-B7F7-A0A4-F26308A5148F}.Debug|Any CPU.ActiveCfg = Debug|Any CPU
		{E1BF8FC1-D2FB-B7F7-A0A4-F26308A5148F}.Debug|Any CPU.Build.0 = Debug|Any CPU
		{E1BF8FC1-D2FB-B7F7-A0A4-F26308A5148F}.Release|Any CPU.ActiveCfg = Release|Any CPU
		{E1BF8FC1-D2FB-B7F7-A0A4-F26308A5148F}.Release|Any CPU.Build.0 = Release|Any CPU
		{54BADB52-6CD6-94C6-B6FA-E0A7D539B9EF}.Debug|Any CPU.ActiveCfg = Debug|Any CPU
		{54BADB52-6CD6-94C6-B6FA-E0A7D539B9EF}.Debug|Any CPU.Build.0 = Debug|Any CPU
		{54BADB52-6CD6-94C6-B6FA-E0A7D539B9EF}.Release|Any CPU.ActiveCfg = Release|Any CPU
		{54BADB52-6CD6-94C6-B6FA-E0A7D539B9EF}.Release|Any CPU.Build.0 = Release|Any CPU
		{25FFA9DB-EDB2-AF0D-08AD-F27526313D17}.Debug|Any CPU.ActiveCfg = Debug|Any CPU
		{25FFA9DB-EDB2-AF0D-08AD-F27526313D17}.Debug|Any CPU.Build.0 = Debug|Any CPU
		{25FFA9DB-EDB2-AF0D-08AD-F27526313D17}.Release|Any CPU.ActiveCfg = Release|Any CPU
		{25FFA9DB-EDB2-AF0D-08AD-F27526313D17}.Release|Any CPU.Build.0 = Release|Any CPU
		{0376ABBC-B0CA-D498-83E2-33A2F4F6182A}.Debug|Any CPU.ActiveCfg = Debug|Any CPU
		{0376ABBC-B0CA-D498-83E2-33A2F4F6182A}.Debug|Any CPU.Build.0 = Debug|Any CPU
		{0376ABBC-B0CA-D498-83E2-33A2F4F6182A}.Release|Any CPU.ActiveCfg = Release|Any CPU
		{0376ABBC-B0CA-D498-83E2-33A2F4F6182A}.Release|Any CPU.Build.0 = Release|Any CPU
		{F2359B45-5A76-DAC1-CE22-F700277D1BBA}.Debug|Any CPU.ActiveCfg = Debug|Any CPU
		{F2359B45-5A76-DAC1-CE22-F700277D1BBA}.Debug|Any CPU.Build.0 = Debug|Any CPU
		{F2359B45-5A76-DAC1-CE22-F700277D1BBA}.Release|Any CPU.ActiveCfg = Release|Any CPU
		{F2359B45-5A76-DAC1-CE22-F700277D1BBA}.Release|Any CPU.Build.0 = Release|Any CPU
		{165F78C5-A3D7-B031-BEF7-FA054423AEA6}.Debug|Any CPU.ActiveCfg = Debug|Any CPU
		{165F78C5-A3D7-B031-BEF7-FA054423AEA6}.Debug|Any CPU.Build.0 = Debug|Any CPU
		{165F78C5-A3D7-B031-BEF7-FA054423AEA6}.Release|Any CPU.ActiveCfg = Release|Any CPU
		{165F78C5-A3D7-B031-BEF7-FA054423AEA6}.Release|Any CPU.Build.0 = Release|Any CPU
		{B3E6729F-40CD-2D44-A57D-0F5C044B2607}.Debug|Any CPU.ActiveCfg = Debug|Any CPU
		{B3E6729F-40CD-2D44-A57D-0F5C044B2607}.Debug|Any CPU.Build.0 = Debug|Any CPU
		{B3E6729F-40CD-2D44-A57D-0F5C044B2607}.Release|Any CPU.ActiveCfg = Release|Any CPU
		{B3E6729F-40CD-2D44-A57D-0F5C044B2607}.Release|Any CPU.Build.0 = Release|Any CPU
		{2C670D3A-0567-C4FA-0C25-33C5B1E3DD09}.Debug|Any CPU.ActiveCfg = Debug|Any CPU
		{2C670D3A-0567-C4FA-0C25-33C5B1E3DD09}.Debug|Any CPU.Build.0 = Debug|Any CPU
		{2C670D3A-0567-C4FA-0C25-33C5B1E3DD09}.Release|Any CPU.ActiveCfg = Release|Any CPU
		{2C670D3A-0567-C4FA-0C25-33C5B1E3DD09}.Release|Any CPU.Build.0 = Release|Any CPU
	EndGlobalSection
	GlobalSection(SolutionProperties) = preSolution
		HideSolutionNode = FALSE
	EndGlobalSection
	GlobalSection(NestedProjects) = preSolution
		{37D060AC-115A-441F-83B2-8A6D71F3044F} = {02EA681E-C7D8-13C7-8484-4AC65E1B71E8}
		{71456D41-4E20-4E4B-A394-15061FC84ED0} = {02EA681E-C7D8-13C7-8484-4AC65E1B71E8}
		{FE8C12E2-608D-4BEA-AB4D-73F55120409B} = {02EA681E-C7D8-13C7-8484-4AC65E1B71E8}
		{4007B597-8569-4457-98AF-0AE1F441EE57} = {35450CC1-0B29-4425-B286-2E3F3E649EB2}
		{0A7B55C4-1D0B-424B-B6E1-60825AC07747} = {4007B597-8569-4457-98AF-0AE1F441EE57}
		{DD76F39D-063B-4F1D-B010-A7A338FAAF5B} = {4007B597-8569-4457-98AF-0AE1F441EE57}
		{49F5784E-5CD7-4E41-A519-0051F8BC9BBB} = {4007B597-8569-4457-98AF-0AE1F441EE57}
		{869EFB52-5AC4-4AAD-97AC-CAC686D69E23} = {35450CC1-0B29-4425-B286-2E3F3E649EB2}
		{C3CCD0B8-855B-4A5D-BA99-1AD00C5265C3} = {869EFB52-5AC4-4AAD-97AC-CAC686D69E23}
		{CA82DA8A-40D6-4F73-9133-08D2364E650D} = {869EFB52-5AC4-4AAD-97AC-CAC686D69E23}
		{29C844F4-37D3-4301-9FE0-7105574056EE} = {869EFB52-5AC4-4AAD-97AC-CAC686D69E23}
		{515679D6-4199-4A6B-A83D-2F753DBAA10D} = {35450CC1-0B29-4425-B286-2E3F3E649EB2}
		{6EB533FC-F874-488A-8A73-707726DF5CBC} = {515679D6-4199-4A6B-A83D-2F753DBAA10D}
		{D4E88C86-D7DB-4EE0-9652-B2D851640332} = {515679D6-4199-4A6B-A83D-2F753DBAA10D}
		{DC03E0E3-6316-42E8-9A7E-AD4CCFA166B4} = {515679D6-4199-4A6B-A83D-2F753DBAA10D}
		{1574C8DC-5118-4DDD-AC1D-F98FA0851A5B} = {35450CC1-0B29-4425-B286-2E3F3E649EB2}
		{61579E14-D3D1-4A4A-8586-A1B0B8B1121C} = {1574C8DC-5118-4DDD-AC1D-F98FA0851A5B}
		{23ECF35F-45AF-4E59-B1A7-59D120E2C942} = {1574C8DC-5118-4DDD-AC1D-F98FA0851A5B}
		{3A44C1A9-EF78-402F-A4B3-67D848786D43} = {1574C8DC-5118-4DDD-AC1D-F98FA0851A5B}
		{EB925CF5-FE28-4648-AB12-9991994C2EC5} = {35450CC1-0B29-4425-B286-2E3F3E649EB2}
		{892E107A-14F1-4C17-ABED-CFE945EA20D0} = {EB925CF5-FE28-4648-AB12-9991994C2EC5}
		{CCF341AA-FE61-4FD5-A182-7EC44D889EF6} = {EB925CF5-FE28-4648-AB12-9991994C2EC5}
		{805188A1-F9DB-4F09-BFBD-E3F35FF61653} = {EB925CF5-FE28-4648-AB12-9991994C2EC5}
		{D1806717-193C-491B-82C0-0710C171C8DC} = {35450CC1-0B29-4425-B286-2E3F3E649EB2}
		{F057B873-3E85-4C8C-BFB8-B8A44A77B0CD} = {D1806717-193C-491B-82C0-0710C171C8DC}
		{A90B355E-7D9B-4175-A213-62AF1EF7A1EB} = {D1806717-193C-491B-82C0-0710C171C8DC}
		{75327CFB-54B8-40BA-BF69-B86554380F6D} = {D1806717-193C-491B-82C0-0710C171C8DC}
		{701E0B42-B7AC-4BAE-A920-CD4377AB3382} = {35450CC1-0B29-4425-B286-2E3F3E649EB2}
		{405CA534-5164-4C78-B25C-EFD34742F01C} = {701E0B42-B7AC-4BAE-A920-CD4377AB3382}
		{EBD69257-C557-4EDC-9B2D-1BFF9EA2B137} = {701E0B42-B7AC-4BAE-A920-CD4377AB3382}
		{4964BE38-C927-40AB-9D8F-F116087B83C9} = {701E0B42-B7AC-4BAE-A920-CD4377AB3382}
		{1CDFDBE0-DB74-4866-A987-64EA3F4028DA} = {35450CC1-0B29-4425-B286-2E3F3E649EB2}
		{B14540B3-70B2-4485-BB16-0A8AF29F2408} = {1CDFDBE0-DB74-4866-A987-64EA3F4028DA}
		{0F19A3D7-DBDE-428B-B625-B7F20918732D} = {1CDFDBE0-DB74-4866-A987-64EA3F4028DA}
		{6FC2801F-DB20-4301-83D7-B325324151A4} = {1CDFDBE0-DB74-4866-A987-64EA3F4028DA}
		{2A68D09C-07B4-492B-A609-CC538B0C1321} = {6FC4279B-760B-4C90-AB55-D737839E9063}
		{E0671524-4AF4-44BC-B5F4-46FE18D3B071} = {6FC4279B-760B-4C90-AB55-D737839E9063}
		{C4DD3C10-6FA8-4F61-B281-78536BCAC53E} = {6FC4279B-760B-4C90-AB55-D737839E9063}
		{21428C02-460B-4CA8-9D1F-5C022014454C} = {35450CC1-0B29-4425-B286-2E3F3E649EB2}
		{12E328EC-7DE6-DEF2-A111-1BC5A703BC1F} = {21428C02-460B-4CA8-9D1F-5C022014454C}
		{E1BF8FC1-D2FB-B7F7-A0A4-F26308A5148F} = {21428C02-460B-4CA8-9D1F-5C022014454C}
		{54BADB52-6CD6-94C6-B6FA-E0A7D539B9EF} = {21428C02-460B-4CA8-9D1F-5C022014454C}
		{25FFA9DB-EDB2-AF0D-08AD-F27526313D17} = {21428C02-460B-4CA8-9D1F-5C022014454C}
		{1356C14D-7709-4804-9193-729858CB16AD} = {35450CC1-0B29-4425-B286-2E3F3E649EB2}
		{0376ABBC-B0CA-D498-83E2-33A2F4F6182A} = {1356C14D-7709-4804-9193-729858CB16AD}
		{F2359B45-5A76-DAC1-CE22-F700277D1BBA} = {1356C14D-7709-4804-9193-729858CB16AD}
		{165F78C5-A3D7-B031-BEF7-FA054423AEA6} = {1356C14D-7709-4804-9193-729858CB16AD}
		{7C1DA1F9-3633-436C-B5BA-1DF589AA1676} = {35450CC1-0B29-4425-B286-2E3F3E649EB2}
		{B3E6729F-40CD-2D44-A57D-0F5C044B2607} = {7C1DA1F9-3633-436C-B5BA-1DF589AA1676}
		{2C670D3A-0567-C4FA-0C25-33C5B1E3DD09} = {7C1DA1F9-3633-436C-B5BA-1DF589AA1676}
	EndGlobalSection
	GlobalSection(ExtensibilityGlobals) = postSolution
		SolutionGuid = {52E3F182-6116-4EAD-AD90-F6BF5E6D2729}
	EndGlobalSection
EndGlobal
